
Microsoft Visual Studio Solution File, Format Version 12.00
# Visual Studio Version 17
VisualStudioVersion = 17.11.35303.130
MinimumVisualStudioVersion = 10.0.40219.1
Project("{FAE04EC0-301F-11D3-BF4B-00C04F79EFBC}") = "Anand", "Anand\Anand.csproj", "{48B1B7DB-985D-48AC-9481-B4005CC67E0E}"
EndProject
Global
	GlobalSection(SolutionConfigurationPlatforms) = preSolution
		Debug|Any CPU = Debug|Any CPU
		Release|Any CPU = Release|Any CPU
	EndGlobalSection
	GlobalSection(ProjectConfigurationPlatforms) = postSolution
		{48B1B7DB-985D-48AC-9481-B4005CC67E0E}.Debug|Any CPU.ActiveCfg = Debug|Any CPU
		{48B1B7DB-985D-48AC-9481-B4005CC67E0E}.Debug|Any CPU.Build.0 = Debug|Any CPU
		{48B1B7DB-985D-48AC-9481-B4005CC67E0E}.Release|Any CPU.ActiveCfg = Release|Any CPU
		{48B1B7DB-985D-48AC-9481-B4005CC67E0E}.Release|Any CPU.Build.0 = Release|Any CPU
	EndGlobalSection
	GlobalSection(SolutionProperties) = preSolution
		HideSolutionNode = FALSE
	EndGlobalSection
	GlobalSection(ExtensibilityGlobals) = postSolution
		SolutionGuid = {573A1D19-E117-446B-9864-E8841C1CD5FC}
	EndGlobalSection
EndGlobal
